
Microsoft Visual Studio Solution File, Format Version 12.00
Project("{FAE04EC0-301F-11D3-BF4B-00C04F79EFBC}") = "MicroserviceDevelopment", "MicroserviceDevelopment\MicroserviceDevelopment.csproj", "{6DCEE4B1-1884-4D81-9229-482C983D2B15}"
EndProject
Global
	GlobalSection(SolutionConfigurationPlatforms) = preSolution
		Debug|Any CPU = Debug|Any CPU
		Release|Any CPU = Release|Any CPU
	EndGlobalSection
	GlobalSection(ProjectConfigurationPlatforms) = postSolution
		{6DCEE4B1-1884-4D81-9229-482C983D2B15}.Debug|Any CPU.ActiveCfg = Debug|Any CPU
		{6DCEE4B1-1884-4D81-9229-482C983D2B15}.Debug|Any CPU.Build.0 = Debug|Any CPU
		{6DCEE4B1-1884-4D81-9229-482C983D2B15}.Release|Any CPU.ActiveCfg = Release|Any CPU
		{6DCEE4B1-1884-4D81-9229-482C983D2B15}.Release|Any CPU.Build.0 = Release|Any CPU
	EndGlobalSection
EndGlobal
